
Microsoft Visual Studio Solution File, Format Version 12.00
# Visual Studio Version 17
VisualStudioVersion = 17.6.33723.286
MinimumVisualStudioVersion = 10.0.40219.1
Project("{FAE04EC0-301F-11D3-BF4B-00C04F79EFBC}") = "CollectionsFinal", "CollectionsFinal\CollectionsFinal.csproj", "{50A1AE1B-F333-43D4-A01A-029B78F047BA}"
EndProject
Global
	GlobalSection(SolutionConfigurationPlatforms) = preSolution
		Debug|Any CPU = Debug|Any CPU
		Release|Any CPU = Release|Any CPU
	EndGlobalSection
	GlobalSection(ProjectConfigurationPlatforms) = postSolution
		{50A1AE1B-F333-43D4-A01A-029B78F047BA}.Debug|Any CPU.ActiveCfg = Debug|Any CPU
		{50A1AE1B-F333-43D4-A01A-029B78F047BA}.Debug|Any CPU.Build.0 = Debug|Any CPU
		{50A1AE1B-F333-43D4-A01A-029B78F047BA}.Release|Any CPU.ActiveCfg = Release|Any CPU
		{50A1AE1B-F333-43D4-A01A-029B78F047BA}.Release|Any CPU.Build.0 = Release|Any CPU
	EndGlobalSection
	GlobalSection(SolutionProperties) = preSolution
		HideSolutionNode = FALSE
	EndGlobalSection
	GlobalSection(ExtensibilityGlobals) = postSolution
		SolutionGuid = {59A213B4-B80B-4A5B-9C98-DD48A6469213}
	EndGlobalSection
EndGlobal
